
Microsoft Visual Studio Solution File, Format Version 12.00
# Visual Studio 15
VisualStudioVersion = 15.0.28010.2003
MinimumVisualStudioVersion = 10.0.40219.1
Project("{FAE04EC0-301F-11D3-BF4B-00C04F79EFBC}") = "RequirementsDocGenerator", "RequirementsDocGenerator\RequirementsDocGenerator.csproj", "{BA23E80B-5AF9-41E0-B616-0F164E99217D}"
EndProject
Global
	GlobalSection(SolutionConfigurationPlatforms) = preSolution
		Debug|Any CPU = Debug|Any CPU
		Release|Any CPU = Release|Any CPU
	EndGlobalSection
	GlobalSection(ProjectConfigurationPlatforms) = postSolution
		{BA23E80B-5AF9-41E0-B616-0F164E99217D}.Debug|Any CPU.ActiveCfg = Debug|Any CPU
		{BA23E80B-5AF9-41E0-B616-0F164E99217D}.Debug|Any CPU.Build.0 = Debug|Any CPU
		{BA23E80B-5AF9-41E0-B616-0F164E99217D}.Release|Any CPU.ActiveCfg = Release|Any CPU
		{BA23E80B-5AF9-41E0-B616-0F164E99217D}.Release|Any CPU.Build.0 = Release|Any CPU
	EndGlobalSection
	GlobalSection(SolutionProperties) = preSolution
		HideSolutionNode = FALSE
	EndGlobalSection
	GlobalSection(ExtensibilityGlobals) = postSolution
		SolutionGuid = {D634EC57-18CD-4CC5-9C6F-0C646D62602D}
	EndGlobalSection
EndGlobal
